
Microsoft Visual Studio Solution File, Format Version 12.00
# Visual Studio 15
VisualStudioVersion = 15.0.27428.2037
MinimumVisualStudioVersion = 10.0.40219.1
Project("{FAE04EC0-301F-11D3-BF4B-00C04F79EFBC}") = "Virtual_ToString", "Virtual_ToString\Virtual_ToString.csproj", "{404774EF-AB78-4DA3-97D7-3F3AD6621A1E}"
EndProject
Global
	GlobalSection(SolutionConfigurationPlatforms) = preSolution
		Debug|Any CPU = Debug|Any CPU
		Release|Any CPU = Release|Any CPU
	EndGlobalSection
	GlobalSection(ProjectConfigurationPlatforms) = postSolution
		{404774EF-AB78-4DA3-97D7-3F3AD6621A1E}.Debug|Any CPU.ActiveCfg = Debug|Any CPU
		{404774EF-AB78-4DA3-97D7-3F3AD6621A1E}.Debug|Any CPU.Build.0 = Debug|Any CPU
		{404774EF-AB78-4DA3-97D7-3F3AD6621A1E}.Release|Any CPU.ActiveCfg = Release|Any CPU
		{404774EF-AB78-4DA3-97D7-3F3AD6621A1E}.Release|Any CPU.Build.0 = Release|Any CPU
	EndGlobalSection
	GlobalSection(SolutionProperties) = preSolution
		HideSolutionNode = FALSE
	EndGlobalSection
	GlobalSection(ExtensibilityGlobals) = postSolution
		SolutionGuid = {57DE2686-B05D-4D8C-B2DA-5D8D214D3A26}
	EndGlobalSection
EndGlobal
